{
  "name": "prisma-thingy",
  "version": "0.0.0",
  "lockfileVersion": 2,
  "requires": true,
  "packages": {
    "": {
      "version": "0.0.0",
      "dependencies": {
        "@prisma/client": "^4.2.1"
      },
      "devDependencies": {
        "typescript": "latest"
      }
    },
    "node_modules/@prisma/client": {
      "version": "4.2.1",
      "resolved": "https://registry.npmjs.org/@prisma/client/-/client-4.2.1.tgz",
      "integrity": "sha512-PZBkY60+k5oix+e6IUfl3ub8TbRLNsPLdfWrdy2eh80WcHTaT+/UfvXf/B7gXedH7FRtbPFHZXk1hZenJiJZFQ==",
      "hasInstallScript": true,
      "dependencies": {
        "@prisma/engines-version": "4.2.0-33.2920a97877e12e055c1333079b8d19cee7f33826"
      },
      "engines": {
        "node": ">=14.17"
      },
      "peerDependencies": {
        "prisma": "*"
      },
      "peerDependenciesMeta": {
        "prisma": {
          "optional": true
        }
      }
    },
    "node_modules/@prisma/engines-version": {
      "version": "4.2.0-33.2920a97877e12e055c1333079b8d19cee7f33826",
      "resolved": "https://registry.npmjs.org/@prisma/engines-version/-/engines-version-4.2.0-33.2920a97877e12e055c1333079b8d19cee7f33826.tgz",
      "integrity": "sha512-tktkqdiwqE4QhmE088boPt+FwPj1Jub/zk+5F6sEfcRHzO5yz9jyMD5HFVtiwxZPLx/8Xg9ElnuTi8E5lWVQFQ=="
    },
    "node_modules/typescript": {
      "version": "4.7.4",
      "resolved": "https://registry.npmjs.org/typescript/-/typescript-4.7.4.tgz",
      "integrity": "sha512-C0WQT0gezHuw6AdY1M2jxUO83Rjf0HP7Sk1DtXj6j1EwkQNZrHAg2XPWlq62oqEhYvONq5pkC2Y9oPljWToLmQ==",
      "dev": true,
      "bin": {
        "tsc": "bin/tsc",
        "tsserver": "bin/tsserver"
      },
      "engines": {
        "node": ">=4.2.0"
      }
    }
  },
  "dependencies": {
    "@prisma/client": {
      "version": "4.2.1",
      "resolved": "https://registry.npmjs.org/@prisma/client/-/client-4.2.1.tgz",
      "integrity": "sha512-PZBkY60+k5oix+e6IUfl3ub8TbRLNsPLdfWrdy2eh80WcHTaT+/UfvXf/B7gXedH7FRtbPFHZXk1hZenJiJZFQ==",
      "requires": {
        "@prisma/engines-version": "4.2.0-33.2920a97877e12e055c1333079b8d19cee7f33826"
      }
    },
    "@prisma/engines-version": {
      "version": "4.2.0-33.2920a97877e12e055c1333079b8d19cee7f33826",
      "resolved": "https://registry.npmjs.org/@prisma/engines-version/-/engines-version-4.2.0-33.2920a97877e12e055c1333079b8d19cee7f33826.tgz",
      "integrity": "sha512-tktkqdiwqE4QhmE088boPt+FwPj1Jub/zk+5F6sEfcRHzO5yz9jyMD5HFVtiwxZPLx/8Xg9ElnuTi8E5lWVQFQ=="
    },
    "typescript": {
      "version": "4.7.4",
      "resolved": "https://registry.npmjs.org/typescript/-/typescript-4.7.4.tgz",
      "integrity": "sha512-C0WQT0gezHuw6AdY1M2jxUO83Rjf0HP7Sk1DtXj6j1EwkQNZrHAg2XPWlq62oqEhYvONq5pkC2Y9oPljWToLmQ==",
      "dev": true
    }
  }
}
